
Microsoft Visual Studio Solution File, Format Version 12.00
# Visual Studio Version 17
VisualStudioVersion = 17.7.34031.279
MinimumVisualStudioVersion = 10.0.40219.1
Project("{FAE04EC0-301F-11D3-BF4B-00C04F79EFBC}") = "DbOperationsWithEfCoreApp", "DbOperationsWithEfCoreApp\DbOperationsWithEfCoreApp.csproj", "{3DDC3730-087A-4BD8-89F0-97EA7F3E8212}"
EndProject
Global
	GlobalSection(SolutionConfigurationPlatforms) = preSolution
		Debug|Any CPU = Debug|Any CPU
		Release|Any CPU = Release|Any CPU
	EndGlobalSection
	GlobalSection(ProjectConfigurationPlatforms) = postSolution
		{3DDC3730-087A-4BD8-89F0-97EA7F3E8212}.Debug|Any CPU.ActiveCfg = Debug|Any CPU
		{3DDC3730-087A-4BD8-89F0-97EA7F3E8212}.Debug|Any CPU.Build.0 = Debug|Any CPU
		{3DDC3730-087A-4BD8-89F0-97EA7F3E8212}.Release|Any CPU.ActiveCfg = Release|Any CPU
		{3DDC3730-087A-4BD8-89F0-97EA7F3E8212}.Release|Any CPU.Build.0 = Release|Any CPU
	EndGlobalSection
	GlobalSection(SolutionProperties) = preSolution
		HideSolutionNode = FALSE
	EndGlobalSection
	GlobalSection(ExtensibilityGlobals) = postSolution
		SolutionGuid = {6195D942-458D-4535-BB20-61C202325EE5}
	EndGlobalSection
EndGlobal
